// !$*UTF8*$!
{
	archiveVersion = 1;
	classes = {
	};
	objectVersion = 46;
	objects = {

/* Begin PBXBuildFile section */
		20263AEC1AC4756300B3316E /* AppDelegate.m in Sources */ = {isa = PBXBuildFile; fileRef = 20263AEB1AC4756300B3316E /* AppDelegate.m */; };
		20263AEE1AC4756300B3316E /* main.m in Sources */ = {isa = PBXBuildFile; fileRef = 20263AED1AC4756300B3316E /* main.m */; };
		20263AF11AC4756300B3316E /* Document.m in Sources */ = {isa = PBXBuildFile; fileRef = 20263AF01AC4756300B3316E /* Document.m */; };
		20263AF41AC4756300B3316E /* Document.xib in Resources */ = {isa = PBXBuildFile; fileRef = 20263AF21AC4756300B3316E /* Document.xib */; };
		20263AF61AC4756300B3316E /* Images.xcassets in Resources */ = {isa = PBXBuildFile; fileRef = 20263AF51AC4756300B3316E /* Images.xcassets */; };
		20263AF91AC4756300B3316E /* MainMenu.xib in Resources */ = {isa = PBXBuildFile; fileRef = 20263AF71AC4756300B3316E /* MainMenu.xib */; };
		20263B051AC4756400B3316E /* VGMPlayerTests.m in Sources */ = {isa = PBXBuildFile; fileRef = 20263B041AC4756400B3316E /* VGMPlayerTests.m */; };
		202668E81B16E286005AF2AD /* libVGMStream.a in Frameworks */ = {isa = PBXBuildFile; fileRef = 2029586C1AD2EB37008AFC3A /* libVGMStream.a */; };
		2026690A1B16EA3D005AF2AD /* libVGMStream.a in Frameworks */ = {isa = PBXBuildFile; fileRef = 2029586C1AD2EB37008AFC3A /* libVGMStream.a */; };
		2029586D1AD2EB37008AFC3A /* libVGMStream.a in Frameworks */ = {isa = PBXBuildFile; fileRef = 2029586C1AD2EB37008AFC3A /* libVGMStream.a */; };
		202958711AD2ED21008AFC3A /* VGMStream.m in Sources */ = {isa = PBXBuildFile; fileRef = 202958701AD2ED21008AFC3A /* VGMStream.m */; };
		202958721AD2ED21008AFC3A /* VGMStream.m in Sources */ = {isa = PBXBuildFile; fileRef = 202958701AD2ED21008AFC3A /* VGMStream.m */; };
		202958741AD2F7B0008AFC3A /* VGMStream.m in Sources */ = {isa = PBXBuildFile; fileRef = 202958701AD2ED21008AFC3A /* VGMStream.m */; };
		203130911B12B8E700495464 /* VGMPlayerWindow.m in Sources */ = {isa = PBXBuildFile; fileRef = 203130901B12B8E700495464 /* VGMPlayerWindow.m */; };
		203130941B12BF4F00495464 /* VGMPlayerApplication.m in Sources */ = {isa = PBXBuildFile; fileRef = 203130931B12BF4F00495464 /* VGMPlayerApplication.m */; };
		2087AC8F1B3A3EE4001F94E9 /* libogg.a in Frameworks */ = {isa = PBXBuildFile; fileRef = 2087AC8C1B3A3EE4001F94E9 /* libogg.a */; };
		2087AC901B3A3EE4001F94E9 /* libogg.a in Frameworks */ = {isa = PBXBuildFile; fileRef = 2087AC8C1B3A3EE4001F94E9 /* libogg.a */; };
		2087AC911B3A3EE4001F94E9 /* libogg.a in Frameworks */ = {isa = PBXBuildFile; fileRef = 2087AC8C1B3A3EE4001F94E9 /* libogg.a */; };
		2087AC921B3A3EE4001F94E9 /* libvorbis.a in Frameworks */ = {isa = PBXBuildFile; fileRef = 2087AC8D1B3A3EE4001F94E9 /* libvorbis.a */; };
		2087AC931B3A3EE4001F94E9 /* libvorbis.a in Frameworks */ = {isa = PBXBuildFile; fileRef = 2087AC8D1B3A3EE4001F94E9 /* libvorbis.a */; };
		2087AC941B3A3EE4001F94E9 /* libvorbis.a in Frameworks */ = {isa = PBXBuildFile; fileRef = 2087AC8D1B3A3EE4001F94E9 /* libvorbis.a */; };
		2087AC951B3A3EE4001F94E9 /* libvorbisfile.a in Frameworks */ = {isa = PBXBuildFile; fileRef = 2087AC8E1B3A3EE4001F94E9 /* libvorbisfile.a */; };
		2087AC961B3A3EE4001F94E9 /* libvorbisfile.a in Frameworks */ = {isa = PBXBuildFile; fileRef = 2087AC8E1B3A3EE4001F94E9 /* libvorbisfile.a */; };
		2087AC971B3A3EE4001F94E9 /* libvorbisfile.a in Frameworks */ = {isa = PBXBuildFile; fileRef = 2087AC8E1B3A3EE4001F94E9 /* libvorbisfile.a */; };
		209734EE1AC3672D00A61474 /* GameMusicEmu.mm in Sources */ = {isa = PBXBuildFile; fileRef = 209734E81AC3672D00A61474 /* GameMusicEmu.mm */; };
		209734EF1AC3672D00A61474 /* LazyUSF2.m in Sources */ = {isa = PBXBuildFile; fileRef = 209734EA1AC3672D00A61474 /* LazyUSF2.m */; };
		209734F01AC3672D00A61474 /* CLI.m in Sources */ = {isa = PBXBuildFile; fileRef = 209734EB1AC3672D00A61474 /* CLI.m */; };
		209734F11AC3672D00A61474 /* TKRPlayer.m in Sources */ = {isa = PBXBuildFile; fileRef = 209734ED1AC3672D00A61474 /* TKRPlayer.m */; };
		20973FF41AC373BE00A61474 /* Vio2SF.m in Sources */ = {isa = PBXBuildFile; fileRef = 20973FF31AC373BE00A61474 /* Vio2SF.m */; };
		20CB6E021AC4A47400E296AC /* TKRPlayer.m in Sources */ = {isa = PBXBuildFile; fileRef = 209734ED1AC3672D00A61474 /* TKRPlayer.m */; };
		20CB6E031AC4A47400E296AC /* GameMusicEmu.mm in Sources */ = {isa = PBXBuildFile; fileRef = 209734E81AC3672D00A61474 /* GameMusicEmu.mm */; };
		20CB6E041AC4A47400E296AC /* LazyUSF2.m in Sources */ = {isa = PBXBuildFile; fileRef = 209734EA1AC3672D00A61474 /* LazyUSF2.m */; };
		20CB6E051AC4A47400E296AC /* Vio2SF.m in Sources */ = {isa = PBXBuildFile; fileRef = 20973FF31AC373BE00A61474 /* Vio2SF.m */; };
		20CB6E061AC4A47700E296AC /* TKRPlayer.m in Sources */ = {isa = PBXBuildFile; fileRef = 209734ED1AC3672D00A61474 /* TKRPlayer.m */; };
		20CB6E071AC4A47700E296AC /* GameMusicEmu.mm in Sources */ = {isa = PBXBuildFile; fileRef = 209734E81AC3672D00A61474 /* GameMusicEmu.mm */; };
		20CB6E081AC4A47700E296AC /* LazyUSF2.m in Sources */ = {isa = PBXBuildFile; fileRef = 209734EA1AC3672D00A61474 /* LazyUSF2.m */; };
		20CB6E091AC4A47700E296AC /* Vio2SF.m in Sources */ = {isa = PBXBuildFile; fileRef = 20973FF31AC373BE00A61474 /* Vio2SF.m */; };
		20CB6E161AC4A53C00E296AC /* libGME.a in Frameworks */ = {isa = PBXBuildFile; fileRef = 20CB6E121AC4A53C00E296AC /* libGME.a */; };
		20CB6E171AC4A53C00E296AC /* libLazyUSF2.a in Frameworks */ = {isa = PBXBuildFile; fileRef = 20CB6E131AC4A53C00E296AC /* libLazyUSF2.a */; };
		20CB6E181AC4A53C00E296AC /* libPSFLib.a in Frameworks */ = {isa = PBXBuildFile; fileRef = 20CB6E141AC4A53C00E296AC /* libPSFLib.a */; };
		20CB6E191AC4A53C00E296AC /* libVio2SF.a in Frameworks */ = {isa = PBXBuildFile; fileRef = 20CB6E151AC4A53C00E296AC /* libVio2SF.a */; };
		20CB6E1B1AC4A54700E296AC /* libz.dylib in Frameworks */ = {isa = PBXBuildFile; fileRef = 20CB6E1A1AC4A54700E296AC /* libz.dylib */; };
		20CB6E1C1AC4A55A00E296AC /* libGME.a in Frameworks */ = {isa = PBXBuildFile; fileRef = 20CB6E121AC4A53C00E296AC /* libGME.a */; };
		20CB6E1D1AC4A55A00E296AC /* libLazyUSF2.a in Frameworks */ = {isa = PBXBuildFile; fileRef = 20CB6E131AC4A53C00E296AC /* libLazyUSF2.a */; };
		20CB6E1E1AC4A55A00E296AC /* libPSFLib.a in Frameworks */ = {isa = PBXBuildFile; fileRef = 20CB6E141AC4A53C00E296AC /* libPSFLib.a */; };
		20CB6E1F1AC4A55A00E296AC /* libVio2SF.a in Frameworks */ = {isa = PBXBuildFile; fileRef = 20CB6E151AC4A53C00E296AC /* libVio2SF.a */; };
		20CB6E201AC4A55F00E296AC /* libz.dylib in Frameworks */ = {isa = PBXBuildFile; fileRef = 20CB6E1A1AC4A54700E296AC /* libz.dylib */; };
		20CB6E211AC4A57C00E296AC /* libz.dylib in Frameworks */ = {isa = PBXBuildFile; fileRef = 20CB6E1A1AC4A54700E296AC /* libz.dylib */; };
		20CB6E221AC4A57C00E296AC /* libGME.a in Frameworks */ = {isa = PBXBuildFile; fileRef = 20CB6E121AC4A53C00E296AC /* libGME.a */; };
		20CB6E231AC4A57C00E296AC /* libPSFLib.a in Frameworks */ = {isa = PBXBuildFile; fileRef = 20CB6E141AC4A53C00E296AC /* libPSFLib.a */; };
		20CB6E241AC4A57C00E296AC /* libLazyUSF2.a in Frameworks */ = {isa = PBXBuildFile; fileRef = 20CB6E131AC4A53C00E296AC /* libLazyUSF2.a */; };
		20CB6E251AC4A57C00E296AC /* libVio2SF.a in Frameworks */ = {isa = PBXBuildFile; fileRef = 20CB6E151AC4A53C00E296AC /* libVio2SF.a */; };
		20CB6E281AC5B88300E296AC /* TKRVolumeSliderCell.m in Sources */ = {isa = PBXBuildFile; fileRef = 20CB6E271AC5B88300E296AC /* TKRVolumeSliderCell.m */; };
/* End PBXBuildFile section */

/* Begin PBXContainerItemProxy section */
		20263AFF1AC4756300B3316E /* PBXContainerItemProxy */ = {
			isa = PBXContainerItemProxy;
			containerPortal = 209347091AC3616600A12995 /* Project object */;
			proxyType = 1;
			remoteGlobalIDString = 20263AE51AC4756300B3316E;
			remoteInfo = VGMPlayer;
		};
/* End PBXContainerItemProxy section */

/* Begin PBXCopyFilesBuildPhase section */
		2093470F1AC3616600A12995 /* CopyFiles */ = {
			isa = PBXCopyFilesBuildPhase;
			buildActionMask = 2147483647;
			dstPath = /usr/share/man/man1/;
			dstSubfolderSpec = 0;
			files = (
			);
			runOnlyForDeploymentPostprocessing = 1;
		};
/* End PBXCopyFilesBuildPhase section */

/* Begin PBXFileReference section */
		20263AE61AC4756300B3316E /* VGMPlayer.app */ = {isa = PBXFileReference; explicitFileType = wrapper.application; includeInIndex = 0; path = VGMPlayer.app; sourceTree = BUILT_PRODUCTS_DIR; };
		20263AE91AC4756300B3316E /* Info.plist */ = {isa = PBXFileReference; lastKnownFileType = text.plist.xml; path = Info.plist; sourceTree = "<group>"; };
		20263AEA1AC4756300B3316E /* AppDelegate.h */ = {isa = PBXFileReference; lastKnownFileType = sourcecode.c.h; path = AppDelegate.h; sourceTree = "<group>"; };
		20263AEB1AC4756300B3316E /* AppDelegate.m */ = {isa = PBXFileReference; lastKnownFileType = sourcecode.c.objc; path = AppDelegate.m; sourceTree = "<group>"; };
		20263AED1AC4756300B3316E /* main.m */ = {isa = PBXFileReference; lastKnownFileType = sourcecode.c.objc; path = main.m; sourceTree = "<group>"; };
		20263AEF1AC4756300B3316E /* Document.h */ = {isa = PBXFileReference; lastKnownFileType = sourcecode.c.h; path = Document.h; sourceTree = "<group>"; };
		20263AF01AC4756300B3316E /* Document.m */ = {isa = PBXFileReference; lastKnownFileType = sourcecode.c.objc; path = Document.m; sourceTree = "<group>"; };
		20263AF31AC4756300B3316E /* Base */ = {isa = PBXFileReference; lastKnownFileType = file.xib; name = Base; path = Base.lproj/Document.xib; sourceTree = "<group>"; };
		20263AF51AC4756300B3316E /* Images.xcassets */ = {isa = PBXFileReference; lastKnownFileType = folder.assetcatalog; path = Images.xcassets; sourceTree = "<group>"; };
		20263AF81AC4756300B3316E /* Base */ = {isa = PBXFileReference; lastKnownFileType = file.xib; name = Base; path = Base.lproj/MainMenu.xib; sourceTree = "<group>"; };
		20263AFE1AC4756300B3316E /* VGMPlayerTests.xctest */ = {isa = PBXFileReference; explicitFileType = wrapper.cfbundle; includeInIndex = 0; path = VGMPlayerTests.xctest; sourceTree = BUILT_PRODUCTS_DIR; };
		20263B031AC4756400B3316E /* Info.plist */ = {isa = PBXFileReference; lastKnownFileType = text.plist.xml; path = Info.plist; sourceTree = "<group>"; };
		20263B041AC4756400B3316E /* VGMPlayerTests.m */ = {isa = PBXFileReference; lastKnownFileType = sourcecode.c.objc; path = VGMPlayerTests.m; sourceTree = "<group>"; };
		2029586C1AD2EB37008AFC3A /* libVGMStream.a */ = {isa = PBXFileReference; lastKnownFileType = archive.ar; name = libVGMStream.a; path = "../../../../../../../../../Library/Developer/Xcode/DerivedData/GameMusicEmu-ObjC-esewlucivpmgonfgzkpkjnfmiozi/Build/Products/Release/libVGMStream.a"; sourceTree = "<group>"; };
		2029586F1AD2ED21008AFC3A /* VGMStream.h */ = {isa = PBXFileReference; fileEncoding = 4; lastKnownFileType = sourcecode.c.h; path = VGMStream.h; sourceTree = "<group>"; };
		202958701AD2ED21008AFC3A /* VGMStream.m */ = {isa = PBXFileReference; fileEncoding = 4; lastKnownFileType = sourcecode.c.objc; path = VGMStream.m; sourceTree = "<group>"; };
		2031308F1B12B8E700495464 /* VGMPlayerWindow.h */ = {isa = PBXFileReference; fileEncoding = 4; lastKnownFileType = sourcecode.c.h; path = VGMPlayerWindow.h; sourceTree = "<group>"; };
		203130901B12B8E700495464 /* VGMPlayerWindow.m */ = {isa = PBXFileReference; fileEncoding = 4; lastKnownFileType = sourcecode.c.objc; path = VGMPlayerWindow.m; sourceTree = "<group>"; };
		203130921B12BF4F00495464 /* VGMPlayerApplication.h */ = {isa = PBXFileReference; fileEncoding = 4; lastKnownFileType = sourcecode.c.h; path = VGMPlayerApplication.h; sourceTree = "<group>"; };
		203130931B12BF4F00495464 /* VGMPlayerApplication.m */ = {isa = PBXFileReference; fileEncoding = 4; lastKnownFileType = sourcecode.c.objc; path = VGMPlayerApplication.m; sourceTree = "<group>"; };
		2087AC8C1B3A3EE4001F94E9 /* libogg.a */ = {isa = PBXFileReference; lastKnownFileType = archive.ar; name = libogg.a; path = Libraries/libogg.a; sourceTree = "<group>"; };
		2087AC8D1B3A3EE4001F94E9 /* libvorbis.a */ = {isa = PBXFileReference; lastKnownFileType = archive.ar; name = libvorbis.a; path = Libraries/libvorbis.a; sourceTree = "<group>"; };
		2087AC8E1B3A3EE4001F94E9 /* libvorbisfile.a */ = {isa = PBXFileReference; lastKnownFileType = archive.ar; name = libvorbisfile.a; path = Libraries/libvorbisfile.a; sourceTree = "<group>"; };
		209347111AC3616600A12995 /* GameMusicEmu-ObjC */ = {isa = PBXFileReference; explicitFileType = "compiled.mach-o.executable"; includeInIndex = 0; path = "GameMusicEmu-ObjC"; sourceTree = BUILT_PRODUCTS_DIR; };
		209734E61AC3672D00A61474 /* GameMusicDataSource.h */ = {isa = PBXFileReference; fileEncoding = 4; lastKnownFileType = sourcecode.c.h; path = GameMusicDataSource.h; sourceTree = "<group>"; };
		209734E71AC3672D00A61474 /* GameMusicEmu.h */ = {isa = PBXFileReference; fileEncoding = 4; lastKnownFileType = sourcecode.c.h; path = GameMusicEmu.h; sourceTree = "<group>"; };
		209734E81AC3672D00A61474 /* GameMusicEmu.mm */ = {isa = PBXFileReference; fileEncoding = 4; lastKnownFileType = sourcecode.cpp.objcpp; path = GameMusicEmu.mm; sourceTree = "<group>"; };
		209734E91AC3672D00A61474 /* LazyUSF2.h */ = {isa = PBXFileReference; fileEncoding = 4; lastKnownFileType = sourcecode.c.h; path = LazyUSF2.h; sourceTree = "<group>"; };
		209734EA1AC3672D00A61474 /* LazyUSF2.m */ = {isa = PBXFileReference; fileEncoding = 4; lastKnownFileType = sourcecode.c.objc; path = LazyUSF2.m; sourceTree = "<group>"; };
		209734EB1AC3672D00A61474 /* CLI.m */ = {isa = PBXFileReference; fileEncoding = 4; lastKnownFileType = sourcecode.c.objc; path = CLI.m; sourceTree = "<group>"; };
		209734EC1AC3672D00A61474 /* TKRPlayer.h */ = {isa = PBXFileReference; fileEncoding = 4; lastKnownFileType = sourcecode.c.h; path = TKRPlayer.h; sourceTree = "<group>"; };
		209734ED1AC3672D00A61474 /* TKRPlayer.m */ = {isa = PBXFileReference; fileEncoding = 4; lastKnownFileType = sourcecode.c.objc; path = TKRPlayer.m; sourceTree = "<group>"; };
		20973FF21AC373BE00A61474 /* Vio2SF.h */ = {isa = PBXFileReference; fileEncoding = 4; lastKnownFileType = sourcecode.c.h; path = Vio2SF.h; sourceTree = "<group>"; };
		20973FF31AC373BE00A61474 /* Vio2SF.m */ = {isa = PBXFileReference; fileEncoding = 4; lastKnownFileType = sourcecode.c.objc; path = Vio2SF.m; sourceTree = "<group>"; };
		20CB6E121AC4A53C00E296AC /* libGME.a */ = {isa = PBXFileReference; lastKnownFileType = archive.ar; name = libGME.a; path = "../../../../../../../../../Library/Developer/Xcode/DerivedData/GameMusicEmu-ObjC-esewlucivpmgonfgzkpkjnfmiozi/Build/Products/Debug/libGME.a"; sourceTree = "<group>"; };
		20CB6E131AC4A53C00E296AC /* libLazyUSF2.a */ = {isa = PBXFileReference; lastKnownFileType = archive.ar; name = libLazyUSF2.a; path = "../../../../../../../../../Library/Developer/Xcode/DerivedData/GameMusicEmu-ObjC-esewlucivpmgonfgzkpkjnfmiozi/Build/Products/Debug/libLazyUSF2.a"; sourceTree = "<group>"; };
		20CB6E141AC4A53C00E296AC /* libPSFLib.a */ = {isa = PBXFileReference; lastKnownFileType = archive.ar; name = libPSFLib.a; path = "../../../../../../../../../Library/Developer/Xcode/DerivedData/GameMusicEmu-ObjC-esewlucivpmgonfgzkpkjnfmiozi/Build/Products/Debug/libPSFLib.a"; sourceTree = "<group>"; };
		20CB6E151AC4A53C00E296AC /* libVio2SF.a */ = {isa = PBXFileReference; lastKnownFileType = archive.ar; name = libVio2SF.a; path = "../../../../../../../../../Library/Developer/Xcode/DerivedData/GameMusicEmu-ObjC-esewlucivpmgonfgzkpkjnfmiozi/Build/Products/Debug/libVio2SF.a"; sourceTree = "<group>"; };
		20CB6E1A1AC4A54700E296AC /* libz.dylib */ = {isa = PBXFileReference; lastKnownFileType = "compiled.mach-o.dylib"; name = libz.dylib; path = usr/lib/libz.dylib; sourceTree = SDKROOT; };
		20CB6E261AC5B88300E296AC /* TKRVolumeSliderCell.h */ = {isa = PBXFileReference; fileEncoding = 4; lastKnownFileType = sourcecode.c.h; path = TKRVolumeSliderCell.h; sourceTree = "<group>"; };
		20CB6E271AC5B88300E296AC /* TKRVolumeSliderCell.m */ = {isa = PBXFileReference; fileEncoding = 4; lastKnownFileType = sourcecode.c.objc; path = TKRVolumeSliderCell.m; sourceTree = "<group>"; };
/* End PBXFileReference section */

/* Begin PBXFrameworksBuildPhase section */
		20263AE31AC4756300B3316E /* Frameworks */ = {
			isa = PBXFrameworksBuildPhase;
			buildActionMask = 2147483647;
			files = (
				202668E81B16E286005AF2AD /* libVGMStream.a in Frameworks */,
				20CB6E1B1AC4A54700E296AC /* libz.dylib in Frameworks */,
				2087AC901B3A3EE4001F94E9 /* libogg.a in Frameworks */,
				2087AC961B3A3EE4001F94E9 /* libvorbisfile.a in Frameworks */,
				20CB6E161AC4A53C00E296AC /* libGME.a in Frameworks */,
				20CB6E181AC4A53C00E296AC /* libPSFLib.a in Frameworks */,
				20CB6E171AC4A53C00E296AC /* libLazyUSF2.a in Frameworks */,
				2087AC931B3A3EE4001F94E9 /* libvorbis.a in Frameworks */,
				20CB6E191AC4A53C00E296AC /* libVio2SF.a in Frameworks */,
			);
			runOnlyForDeploymentPostprocessing = 0;
		};
		20263AFB1AC4756300B3316E /* Frameworks */ = {
			isa = PBXFrameworksBuildPhase;
			buildActionMask = 2147483647;
			files = (
				20CB6E231AC4A57C00E296AC /* libPSFLib.a in Frameworks */,
				20CB6E211AC4A57C00E296AC /* libz.dylib in Frameworks */,
				2087AC911B3A3EE4001F94E9 /* libogg.a in Frameworks */,
				2087AC971B3A3EE4001F94E9 /* libvorbisfile.a in Frameworks */,
				20CB6E221AC4A57C00E296AC /* libGME.a in Frameworks */,
				20CB6E241AC4A57C00E296AC /* libLazyUSF2.a in Frameworks */,
				20CB6E251AC4A57C00E296AC /* libVio2SF.a in Frameworks */,
				2087AC941B3A3EE4001F94E9 /* libvorbis.a in Frameworks */,
				2026690A1B16EA3D005AF2AD /* libVGMStream.a in Frameworks */,
			);
			runOnlyForDeploymentPostprocessing = 0;
		};
		2093470E1AC3616600A12995 /* Frameworks */ = {
			isa = PBXFrameworksBuildPhase;
			buildActionMask = 2147483647;
			files = (
				20CB6E201AC4A55F00E296AC /* libz.dylib in Frameworks */,
				20CB6E1C1AC4A55A00E296AC /* libGME.a in Frameworks */,
				2087AC8F1B3A3EE4001F94E9 /* libogg.a in Frameworks */,
				2087AC951B3A3EE4001F94E9 /* libvorbisfile.a in Frameworks */,
				20CB6E1E1AC4A55A00E296AC /* libPSFLib.a in Frameworks */,
				20CB6E1D1AC4A55A00E296AC /* libLazyUSF2.a in Frameworks */,
				20CB6E1F1AC4A55A00E296AC /* libVio2SF.a in Frameworks */,
				2087AC921B3A3EE4001F94E9 /* libvorbis.a in Frameworks */,
				2029586D1AD2EB37008AFC3A /* libVGMStream.a in Frameworks */,
			);
			runOnlyForDeploymentPostprocessing = 0;
		};
/* End PBXFrameworksBuildPhase section */

/* Begin PBXGroup section */
		20263AE11AC4738100B3316E /* Game Music Player */ = {
			isa = PBXGroup;
			children = (
				209734EC1AC3672D00A61474 /* TKRPlayer.h */,
				209734ED1AC3672D00A61474 /* TKRPlayer.m */,
				209734E61AC3672D00A61474 /* GameMusicDataSource.h */,
				209734E71AC3672D00A61474 /* GameMusicEmu.h */,
				209734E81AC3672D00A61474 /* GameMusicEmu.mm */,
				209734E91AC3672D00A61474 /* LazyUSF2.h */,
				209734EA1AC3672D00A61474 /* LazyUSF2.m */,
				20973FF21AC373BE00A61474 /* Vio2SF.h */,
				20973FF31AC373BE00A61474 /* Vio2SF.m */,
				2029586F1AD2ED21008AFC3A /* VGMStream.h */,
				202958701AD2ED21008AFC3A /* VGMStream.m */,
			);
			name = "Game Music Player";
			path = "GameMusicEmu-ObjC";
			sourceTree = "<group>";
		};
		20263AE71AC4756300B3316E /* VGMPlayer */ = {
			isa = PBXGroup;
			children = (
				20263AEA1AC4756300B3316E /* AppDelegate.h */,
				20263AEB1AC4756300B3316E /* AppDelegate.m */,
				20263AEF1AC4756300B3316E /* Document.h */,
				20263AF01AC4756300B3316E /* Document.m */,
				20263AF21AC4756300B3316E /* Document.xib */,
				20CB6E291AC5B8E600E296AC /* Interface */,
				20263AF51AC4756300B3316E /* Images.xcassets */,
				20263AF71AC4756300B3316E /* MainMenu.xib */,
				20263AE81AC4756300B3316E /* Supporting Files */,
			);
			path = VGMPlayer;
			sourceTree = "<group>";
		};
		20263AE81AC4756300B3316E /* Supporting Files */ = {
			isa = PBXGroup;
			children = (
				20263AE91AC4756300B3316E /* Info.plist */,
				20263AED1AC4756300B3316E /* main.m */,
			);
			name = "Supporting Files";
			sourceTree = "<group>";
		};
		20263B011AC4756400B3316E /* VGMPlayerTests */ = {
			isa = PBXGroup;
			children = (
				20263B041AC4756400B3316E /* VGMPlayerTests.m */,
				20263B021AC4756400B3316E /* Supporting Files */,
			);
			path = VGMPlayerTests;
			sourceTree = "<group>";
		};
		20263B021AC4756400B3316E /* Supporting Files */ = {
			isa = PBXGroup;
			children = (
				20263B031AC4756400B3316E /* Info.plist */,
			);
			name = "Supporting Files";
			sourceTree = "<group>";
		};
		209347081AC3616600A12995 = {
			isa = PBXGroup;
			children = (
				20263AE11AC4738100B3316E /* Game Music Player */,
				209347131AC3616600A12995 /* GameMusicEmu-ObjC */,
				20973D721AC36D5600A61474 /* Libraries and Frameworks */,
				20263AE71AC4756300B3316E /* VGMPlayer */,
				20263B011AC4756400B3316E /* VGMPlayerTests */,
				209347121AC3616600A12995 /* Products */,
			);
			sourceTree = "<group>";
		};
		209347121AC3616600A12995 /* Products */ = {
			isa = PBXGroup;
			children = (
				209347111AC3616600A12995 /* GameMusicEmu-ObjC */,
				20263AE61AC4756300B3316E /* VGMPlayer.app */,
				20263AFE1AC4756300B3316E /* VGMPlayerTests.xctest */,
			);
			name = Products;
			sourceTree = "<group>";
		};
		209347131AC3616600A12995 /* GameMusicEmu-ObjC */ = {
			isa = PBXGroup;
			children = (
				209734EB1AC3672D00A61474 /* CLI.m */,
			);
			path = "GameMusicEmu-ObjC";
			sourceTree = "<group>";
		};
		20973D721AC36D5600A61474 /* Libraries and Frameworks */ = {
			isa = PBXGroup;
			children = (
				20CB6E1A1AC4A54700E296AC /* libz.dylib */,
				20CB6E121AC4A53C00E296AC /* libGME.a */,
				20CB6E141AC4A53C00E296AC /* libPSFLib.a */,
				20CB6E131AC4A53C00E296AC /* libLazyUSF2.a */,
				20CB6E151AC4A53C00E296AC /* libVio2SF.a */,
				2029586C1AD2EB37008AFC3A /* libVGMStream.a */,
				2087AC8C1B3A3EE4001F94E9 /* libogg.a */,
				2087AC8D1B3A3EE4001F94E9 /* libvorbis.a */,
				2087AC8E1B3A3EE4001F94E9 /* libvorbisfile.a */,
			);
			name = "Libraries and Frameworks";
			sourceTree = "<group>";
		};
		20CB6E291AC5B8E600E296AC /* Interface */ = {
			isa = PBXGroup;
			children = (
				203130921B12BF4F00495464 /* VGMPlayerApplication.h */,
				203130931B12BF4F00495464 /* VGMPlayerApplication.m */,
				2031308F1B12B8E700495464 /* VGMPlayerWindow.h */,
				203130901B12B8E700495464 /* VGMPlayerWindow.m */,
				20CB6E261AC5B88300E296AC /* TKRVolumeSliderCell.h */,
				20CB6E271AC5B88300E296AC /* TKRVolumeSliderCell.m */,
			);
			name = Interface;
			sourceTree = "<group>";
		};
/* End PBXGroup section */

/* Begin PBXNativeTarget section */
		20263AE51AC4756300B3316E /* VGMPlayer */ = {
			isa = PBXNativeTarget;
			buildConfigurationList = 20263B061AC4756400B3316E /* Build configuration list for PBXNativeTarget "VGMPlayer" */;
			buildPhases = (
				20263AE21AC4756300B3316E /* Sources */,
				20263AE31AC4756300B3316E /* Frameworks */,
				20263AE41AC4756300B3316E /* Resources */,
			);
			buildRules = (
			);
			dependencies = (
			);
			name = VGMPlayer;
			productName = VGMPlayer;
			productReference = 20263AE61AC4756300B3316E /* VGMPlayer.app */;
			productType = "com.apple.product-type.application";
		};
		20263AFD1AC4756300B3316E /* VGMPlayerTests */ = {
			isa = PBXNativeTarget;
			buildConfigurationList = 20263B091AC4756400B3316E /* Build configuration list for PBXNativeTarget "VGMPlayerTests" */;
			buildPhases = (
				20263AFA1AC4756300B3316E /* Sources */,
				20263AFB1AC4756300B3316E /* Frameworks */,
				20263AFC1AC4756300B3316E /* Resources */,
			);
			buildRules = (
			);
			dependencies = (
				20263B001AC4756300B3316E /* PBXTargetDependency */,
			);
			name = VGMPlayerTests;
			productName = VGMPlayerTests;
			productReference = 20263AFE1AC4756300B3316E /* VGMPlayerTests.xctest */;
			productType = "com.apple.product-type.bundle.unit-test";
		};
		209347101AC3616600A12995 /* GameMusicEmu-ObjC */ = {
			isa = PBXNativeTarget;
			buildConfigurationList = 209347181AC3616600A12995 /* Build configuration list for PBXNativeTarget "GameMusicEmu-ObjC" */;
			buildPhases = (
				2093470D1AC3616600A12995 /* Sources */,
				2093470E1AC3616600A12995 /* Frameworks */,
				2093470F1AC3616600A12995 /* CopyFiles */,
			);
			buildRules = (
			);
			dependencies = (
			);
			name = "GameMusicEmu-ObjC";
			productName = "GameMusicEmu-ObjC";
			productReference = 209347111AC3616600A12995 /* GameMusicEmu-ObjC */;
			productType = "com.apple.product-type.tool";
		};
/* End PBXNativeTarget section */

/* Begin PBXProject section */
		209347091AC3616600A12995 /* Project object */ = {
			isa = PBXProject;
			attributes = {
				LastUpgradeCheck = 0620;
				ORGANIZATIONNAME = TellowKrinkle;
				TargetAttributes = {
					20263AE51AC4756300B3316E = {
						CreatedOnToolsVersion = 6.2;
					};
					20263AFD1AC4756300B3316E = {
						CreatedOnToolsVersion = 6.2;
						TestTargetID = 20263AE51AC4756300B3316E;
					};
					209347101AC3616600A12995 = {
						CreatedOnToolsVersion = 6.2;
					};
				};
			};
			buildConfigurationList = 2093470C1AC3616600A12995 /* Build configuration list for PBXProject "GameMusicEmu-ObjC" */;
			compatibilityVersion = "Xcode 3.2";
			developmentRegion = English;
			hasScannedForEncodings = 0;
			knownRegions = (
				en,
				Base,
			);
			mainGroup = 209347081AC3616600A12995;
			productRefGroup = 209347121AC3616600A12995 /* Products */;
			projectDirPath = "";
			projectRoot = "";
			targets = (
				209347101AC3616600A12995 /* GameMusicEmu-ObjC */,
				20263AE51AC4756300B3316E /* VGMPlayer */,
				20263AFD1AC4756300B3316E /* VGMPlayerTests */,
			);
		};
/* End PBXProject section */

/* Begin PBXResourcesBuildPhase section */
		20263AE41AC4756300B3316E /* Resources */ = {
			isa = PBXResourcesBuildPhase;
			buildActionMask = 2147483647;
			files = (
				20263AF41AC4756300B3316E /* Document.xib in Resources */,
				20263AF61AC4756300B3316E /* Images.xcassets in Resources */,
				20263AF91AC4756300B3316E /* MainMenu.xib in Resources */,
			);
			runOnlyForDeploymentPostprocessing = 0;
		};
		20263AFC1AC4756300B3316E /* Resources */ = {
			isa = PBXResourcesBuildPhase;
			buildActionMask = 2147483647;
			files = (
			);
			runOnlyForDeploymentPostprocessing = 0;
		};
/* End PBXResourcesBuildPhase section */

/* Begin PBXSourcesBuildPhase section */
		20263AE21AC4756300B3316E /* Sources */ = {
			isa = PBXSourcesBuildPhase;
			buildActionMask = 2147483647;
			files = (
				20CB6E051AC4A47400E296AC /* Vio2SF.m in Sources */,
				20CB6E021AC4A47400E296AC /* TKRPlayer.m in Sources */,
				202958721AD2ED21008AFC3A /* VGMStream.m in Sources */,
				20263AF11AC4756300B3316E /* Document.m in Sources */,
				20263AEE1AC4756300B3316E /* main.m in Sources */,
				20CB6E281AC5B88300E296AC /* TKRVolumeSliderCell.m in Sources */,
				20CB6E031AC4A47400E296AC /* GameMusicEmu.mm in Sources */,
				20263AEC1AC4756300B3316E /* AppDelegate.m in Sources */,
				20CB6E041AC4A47400E296AC /* LazyUSF2.m in Sources */,
				203130941B12BF4F00495464 /* VGMPlayerApplication.m in Sources */,
				203130911B12B8E700495464 /* VGMPlayerWindow.m in Sources */,
			);
			runOnlyForDeploymentPostprocessing = 0;
		};
		20263AFA1AC4756300B3316E /* Sources */ = {
			isa = PBXSourcesBuildPhase;
			buildActionMask = 2147483647;
			files = (
				20CB6E061AC4A47700E296AC /* TKRPlayer.m in Sources */,
				20CB6E081AC4A47700E296AC /* LazyUSF2.m in Sources */,
				202958741AD2F7B0008AFC3A /* VGMStream.m in Sources */,
				20CB6E071AC4A47700E296AC /* GameMusicEmu.mm in Sources */,
				20263B051AC4756400B3316E /* VGMPlayerTests.m in Sources */,
				20CB6E091AC4A47700E296AC /* Vio2SF.m in Sources */,
			);
			runOnlyForDeploymentPostprocessing = 0;
		};
		2093470D1AC3616600A12995 /* Sources */ = {
			isa = PBXSourcesBuildPhase;
			buildActionMask = 2147483647;
			files = (
				209734EE1AC3672D00A61474 /* GameMusicEmu.mm in Sources */,
				209734F11AC3672D00A61474 /* TKRPlayer.m in Sources */,
				202958711AD2ED21008AFC3A /* VGMStream.m in Sources */,
				209734F01AC3672D00A61474 /* CLI.m in Sources */,
				209734EF1AC3672D00A61474 /* LazyUSF2.m in Sources */,
				20973FF41AC373BE00A61474 /* Vio2SF.m in Sources */,
			);
			runOnlyForDeploymentPostprocessing = 0;
		};
/* End PBXSourcesBuildPhase section */

/* Begin PBXTargetDependency section */
		20263B001AC4756300B3316E /* PBXTargetDependency */ = {
			isa = PBXTargetDependency;
			target = 20263AE51AC4756300B3316E /* VGMPlayer */;
			targetProxy = 20263AFF1AC4756300B3316E /* PBXContainerItemProxy */;
		};
/* End PBXTargetDependency section */

/* Begin PBXVariantGroup section */
		20263AF21AC4756300B3316E /* Document.xib */ = {
			isa = PBXVariantGroup;
			children = (
				20263AF31AC4756300B3316E /* Base */,
			);
			name = Document.xib;
			sourceTree = "<group>";
		};
		20263AF71AC4756300B3316E /* MainMenu.xib */ = {
			isa = PBXVariantGroup;
			children = (
				20263AF81AC4756300B3316E /* Base */,
			);
			name = MainMenu.xib;
			sourceTree = "<group>";
		};
/* End PBXVariantGroup section */

/* Begin XCBuildConfiguration section */
		20263B071AC4756400B3316E /* Debug */ = {
			isa = XCBuildConfiguration;
			buildSettings = {
				ASSETCATALOG_COMPILER_APPICON_NAME = AppIcon;
				CODE_SIGN_IDENTITY = "-";
				COMBINE_HIDPI_IMAGES = YES;
				GCC_PREPROCESSOR_DEFINITIONS = (
					"DEBUG=1",
					"$(inherited)",
				);
				HEADER_SEARCH_PATHS = (
					"$(inherited)",
					/Applications/Xcode.app/Contents/Developer/Toolchains/XcodeDefault.xctoolchain/usr/include,
					/usr/local/include,
				);
				INFOPLIST_FILE = VGMPlayer/Info.plist;
				LD_RUNPATH_SEARCH_PATHS = "$(inherited) @executable_path/../Frameworks";
				LIBRARY_SEARCH_PATHS = (
					"$(inherited)",
					"$(USER_LIBRARY_DIR)/Developer/Xcode/DerivedData/GameMusicEmu-ObjC-esewlucivpmgonfgzkpkjnfmiozi/Build/Products/Debug",
					"$(USER_LIBRARY_DIR)/Developer/Xcode/DerivedData/GameMusicEmu-ObjC-esewlucivpmgonfgzkpkjnfmiozi/Build/Products/Release",
					"Tests/GameMusicEmu-ObjC/Libraries",
					"$(PROJECT_DIR)/Libraries",
				);
				PRODUCT_NAME = "$(TARGET_NAME)";
				USER_HEADER_SEARCH_PATHS = "$(SOURCE_ROOT)/../GME $(SOURCE_ROOT)/../PSFLib $(SOURCE_ROOT)/../LazyUSF2 $(SOURCE_ROOT)/../Vio2SF $(SOURCE_ROOT)/../VGMStream";
			};
			name = Debug;
		};
		20263B081AC4756400B3316E /* Release */ = {
			isa = XCBuildConfiguration;
			buildSettings = {
				ASSETCATALOG_COMPILER_APPICON_NAME = AppIcon;
				CODE_SIGN_IDENTITY = "-";
				COMBINE_HIDPI_IMAGES = YES;
				HEADER_SEARCH_PATHS = (
					"$(inherited)",
					/Applications/Xcode.app/Contents/Developer/Toolchains/XcodeDefault.xctoolchain/usr/include,
					/usr/local/include,
				);
				INFOPLIST_FILE = VGMPlayer/Info.plist;
				LD_RUNPATH_SEARCH_PATHS = "$(inherited) @executable_path/../Frameworks";
				LIBRARY_SEARCH_PATHS = (
					"$(inherited)",
					"$(USER_LIBRARY_DIR)/Developer/Xcode/DerivedData/GameMusicEmu-ObjC-esewlucivpmgonfgzkpkjnfmiozi/Build/Products/Debug",
					"$(USER_LIBRARY_DIR)/Developer/Xcode/DerivedData/GameMusicEmu-ObjC-esewlucivpmgonfgzkpkjnfmiozi/Build/Products/Release",
					"Tests/GameMusicEmu-ObjC/Libraries",
					"$(PROJECT_DIR)/Libraries",
				);
				PRODUCT_NAME = "$(TARGET_NAME)";
				USER_HEADER_SEARCH_PATHS = "$(SOURCE_ROOT)/../GME $(SOURCE_ROOT)/../PSFLib $(SOURCE_ROOT)/../LazyUSF2 $(SOURCE_ROOT)/../Vio2SF $(SOURCE_ROOT)/../VGMStream";
			};
			name = Release;
		};
		20263B0A1AC4756400B3316E /* Debug */ = {
			isa = XCBuildConfiguration;
			buildSettings = {
				BUNDLE_LOADER = "$(TEST_HOST)";
				COMBINE_HIDPI_IMAGES = YES;
				FRAMEWORK_SEARCH_PATHS = (
					"$(DEVELOPER_FRAMEWORKS_DIR)",
					"$(inherited)",
				);
				GCC_PREPROCESSOR_DEFINITIONS = (
					"DEBUG=1",
					"$(inherited)",
				);
				HEADER_SEARCH_PATHS = (
					"$(inherited)",
					/Applications/Xcode.app/Contents/Developer/Toolchains/XcodeDefault.xctoolchain/usr/include,
					/usr/local/include,
				);
				INFOPLIST_FILE = VGMPlayerTests/Info.plist;
				LD_RUNPATH_SEARCH_PATHS = "$(inherited) @executable_path/../Frameworks @loader_path/../Frameworks";
				LIBRARY_SEARCH_PATHS = (
					"$(inherited)",
					"$(USER_LIBRARY_DIR)/Developer/Xcode/DerivedData/GameMusicEmu-ObjC-esewlucivpmgonfgzkpkjnfmiozi/Build/Products/Debug",
					"$(USER_LIBRARY_DIR)/Developer/Xcode/DerivedData/GameMusicEmu-ObjC-esewlucivpmgonfgzkpkjnfmiozi/Build/Products/Release",
					"$(PROJECT_DIR)/Libraries",
				);
				PRODUCT_NAME = "$(TARGET_NAME)";
				TEST_HOST = "$(BUILT_PRODUCTS_DIR)/VGMPlayer.app/Contents/MacOS/VGMPlayer";
				USER_HEADER_SEARCH_PATHS = "${SOURCE_ROOT}/../GME ${SOURCE_ROOT}/../PSFLib ${SOURCE_ROOT}/../LazyUSF2 ${SOURCE_ROOT}/../Vio2SF ${SOURCE_ROOT}/../VGMStream";
			};
			name = Debug;
		};
		20263B0B1AC4756400B3316E /* Release */ = {
			isa = XCBuildConfiguration;
			buildSettings = {
				BUNDLE_LOADER = "$(TEST_HOST)";
				COMBINE_HIDPI_IMAGES = YES;
				FRAMEWORK_SEARCH_PATHS = (
					"$(DEVELOPER_FRAMEWORKS_DIR)",
					"$(inherited)",
				);
				HEADER_SEARCH_PATHS = (
					"$(inherited)",
					/Applications/Xcode.app/Contents/Developer/Toolchains/XcodeDefault.xctoolchain/usr/include,
					/usr/local/include,
				);
				INFOPLIST_FILE = VGMPlayerTests/Info.plist;
				LD_RUNPATH_SEARCH_PATHS = "$(inherited) @executable_path/../Frameworks @loader_path/../Frameworks";
				LIBRARY_SEARCH_PATHS = (
					"$(inherited)",
					"$(USER_LIBRARY_DIR)/Developer/Xcode/DerivedData/GameMusicEmu-ObjC-esewlucivpmgonfgzkpkjnfmiozi/Build/Products/Debug",
					"$(USER_LIBRARY_DIR)/Developer/Xcode/DerivedData/GameMusicEmu-ObjC-esewlucivpmgonfgzkpkjnfmiozi/Build/Products/Release",
					"$(PROJECT_DIR)/Libraries",
				);
				PRODUCT_NAME = "$(TARGET_NAME)";
				TEST_HOST = "$(BUILT_PRODUCTS_DIR)/VGMPlayer.app/Contents/MacOS/VGMPlayer";
				USER_HEADER_SEARCH_PATHS = "${SOURCE_ROOT}/../GME ${SOURCE_ROOT}/../PSFLib ${SOURCE_ROOT}/../LazyUSF2 ${SOURCE_ROOT}/../Vio2SF ${SOURCE_ROOT}/../VGMStream";
			};
			name = Release;
		};
		209347161AC3616600A12995 /* Debug */ = {
			isa = XCBuildConfiguration;
			buildSettings = {
				ALWAYS_SEARCH_USER_PATHS = NO;
				CLANG_CXX_LANGUAGE_STANDARD = "gnu++0x";
				CLANG_CXX_LIBRARY = "libc++";
				CLANG_ENABLE_MODULES = YES;
				CLANG_ENABLE_OBJC_ARC = YES;
				CLANG_WARN_BOOL_CONVERSION = YES;
				CLANG_WARN_CONSTANT_CONVERSION = YES;
				CLANG_WARN_DIRECT_OBJC_ISA_USAGE = YES_ERROR;
				CLANG_WARN_EMPTY_BODY = YES;
				CLANG_WARN_ENUM_CONVERSION = YES;
				CLANG_WARN_INT_CONVERSION = YES;
				CLANG_WARN_OBJC_ROOT_CLASS = YES_ERROR;
				CLANG_WARN_UNREACHABLE_CODE = YES;
				CLANG_WARN__DUPLICATE_METHOD_MATCH = YES;
				COPY_PHASE_STRIP = NO;
				ENABLE_STRICT_OBJC_MSGSEND = YES;
				GCC_C_LANGUAGE_STANDARD = gnu99;
				GCC_DYNAMIC_NO_PIC = NO;
				GCC_OPTIMIZATION_LEVEL = 0;
				GCC_PREPROCESSOR_DEFINITIONS = (
					"DEBUG=1",
					"$(inherited)",
				);
				GCC_SYMBOLS_PRIVATE_EXTERN = NO;
				GCC_WARN_64_TO_32_BIT_CONVERSION = YES;
				GCC_WARN_ABOUT_RETURN_TYPE = YES_ERROR;
				GCC_WARN_UNDECLARED_SELECTOR = YES;
				GCC_WARN_UNINITIALIZED_AUTOS = YES_AGGRESSIVE;
				GCC_WARN_UNUSED_FUNCTION = YES;
				GCC_WARN_UNUSED_VARIABLE = YES;
				MACOSX_DEPLOYMENT_TARGET = 10.10;
				MTL_ENABLE_DEBUG_INFO = YES;
				ONLY_ACTIVE_ARCH = YES;
				SDKROOT = macosx;
			};
			name = Debug;
		};
		209347171AC3616600A12995 /* Release */ = {
			isa = XCBuildConfiguration;
			buildSettings = {
				ALWAYS_SEARCH_USER_PATHS = NO;
				CLANG_CXX_LANGUAGE_STANDARD = "gnu++0x";
				CLANG_CXX_LIBRARY = "libc++";
				CLANG_ENABLE_MODULES = YES;
				CLANG_ENABLE_OBJC_ARC = YES;
				CLANG_WARN_BOOL_CONVERSION = YES;
				CLANG_WARN_CONSTANT_CONVERSION = YES;
				CLANG_WARN_DIRECT_OBJC_ISA_USAGE = YES_ERROR;
				CLANG_WARN_EMPTY_BODY = YES;
				CLANG_WARN_ENUM_CONVERSION = YES;
				CLANG_WARN_INT_CONVERSION = YES;
				CLANG_WARN_OBJC_ROOT_CLASS = YES_ERROR;
				CLANG_WARN_UNREACHABLE_CODE = YES;
				CLANG_WARN__DUPLICATE_METHOD_MATCH = YES;
				COPY_PHASE_STRIP = NO;
				DEBUG_INFORMATION_FORMAT = "dwarf-with-dsym";
				ENABLE_NS_ASSERTIONS = NO;
				ENABLE_STRICT_OBJC_MSGSEND = YES;
				GCC_C_LANGUAGE_STANDARD = gnu99;
				GCC_WARN_64_TO_32_BIT_CONVERSION = YES;
				GCC_WARN_ABOUT_RETURN_TYPE = YES_ERROR;
				GCC_WARN_UNDECLARED_SELECTOR = YES;
				GCC_WARN_UNINITIALIZED_AUTOS = YES_AGGRESSIVE;
				GCC_WARN_UNUSED_FUNCTION = YES;
				GCC_WARN_UNUSED_VARIABLE = YES;
				MACOSX_DEPLOYMENT_TARGET = 10.10;
				MTL_ENABLE_DEBUG_INFO = NO;
				SDKROOT = macosx;
			};
			name = Release;
		};
		209347191AC3616600A12995 /* Debug */ = {
			isa = XCBuildConfiguration;
			buildSettings = {
				FRAMEWORK_SEARCH_PATHS = (
					"$(inherited)",
					"$(USER_LIBRARY_DIR)/Developer/Xcode/DerivedData/GameMusicEmu-ObjC-esewlucivpmgonfgzkpkjnfmiozi/Build/Products/Debug",
				);
				HEADER_SEARCH_PATHS = (
					"$(inherited)",
					/Applications/Xcode.app/Contents/Developer/Toolchains/XcodeDefault.xctoolchain/usr/include,
					/usr/local/include,
				);
				LIBRARY_SEARCH_PATHS = (
					"$(inherited)",
					"$(USER_LIBRARY_DIR)/Developer/Xcode/DerivedData/GameMusicEmu-ObjC-esewlucivpmgonfgzkpkjnfmiozi/Build/Products/Debug",
					"$(USER_LIBRARY_DIR)/Developer/Xcode/DerivedData/GameMusicEmu-ObjC-esewlucivpmgonfgzkpkjnfmiozi/Build/Products/Release",
					/Users/evan/Dropbox/School/Evan/12th_Grade/SeniorProject/Tests/CoreAudio,
					"Tests/GameMusicEmu-ObjC/GME/build/Release",
					/Users/evan/Dropbox/School/Evan/12th_Grade/SeniorProject/Tests/CoreAudio,
					"Tests/GameMusicEmu-ObjC/PSFLib/build/Release",
					/Users/evan/Dropbox/School/Evan/12th_Grade/SeniorProject/Tests/CoreAudio,
					"Tests/GameMusicEmu-ObjC/Libraries",
					"$(PROJECT_DIR)/Libraries",
				);
				PRODUCT_NAME = "$(TARGET_NAME)";
				USER_HEADER_SEARCH_PATHS = "$(SOURCE_ROOT)/../GME $(SOURCE_ROOT)/../PSFLib $(SOURCE_ROOT)/../LazyUSF2 $(SOURCE_ROOT)/../Vio2SF $(SOURCE_ROOT)/../VGMStream";
			};
			name = Debug;
		};
		2093471A1AC3616600A12995 /* Release */ = {
			isa = XCBuildConfiguration;
			buildSettings = {
				FRAMEWORK_SEARCH_PATHS = (
					"$(inherited)",
					"$(USER_LIBRARY_DIR)/Developer/Xcode/DerivedData/GameMusicEmu-ObjC-esewlucivpmgonfgzkpkjnfmiozi/Build/Products/Debug",
				);
				HEADER_SEARCH_PATHS = (
					"$(inherited)",
					/Applications/Xcode.app/Contents/Developer/Toolchains/XcodeDefault.xctoolchain/usr/include,
					/usr/local/include,
				);
				LIBRARY_SEARCH_PATHS = (
					"$(inherited)",
					"$(USER_LIBRARY_DIR)/Developer/Xcode/DerivedData/GameMusicEmu-ObjC-esewlucivpmgonfgzkpkjnfmiozi/Build/Products/Debug",
					"$(USER_LIBRARY_DIR)/Developer/Xcode/DerivedData/GameMusicEmu-ObjC-esewlucivpmgonfgzkpkjnfmiozi/Build/Products/Release",
					/Users/evan/Dropbox/School/Evan/12th_Grade/SeniorProject/Tests/CoreAudio,
					"Tests/GameMusicEmu-ObjC/GME/build/Release",
					/Users/evan/Dropbox/School/Evan/12th_Grade/SeniorProject/Tests/CoreAudio,
					"Tests/GameMusicEmu-ObjC/PSFLib/build/Release",
					/Users/evan/Dropbox/School/Evan/12th_Grade/SeniorProject/Tests/CoreAudio,
					"Tests/GameMusicEmu-ObjC/Libraries",
					"$(PROJECT_DIR)/Libraries",
				);
				PRODUCT_NAME = "$(TARGET_NAME)";
				USER_HEADER_SEARCH_PATHS = "$(SOURCE_ROOT)/../GME $(SOURCE_ROOT)/../PSFLib $(SOURCE_ROOT)/../LazyUSF2 $(SOURCE_ROOT)/../Vio2SF $(SOURCE_ROOT)/../VGMStream";
			};
			name = Release;
		};
/* End XCBuildConfiguration section */

/* Begin XCConfigurationList section */
		20263B061AC4756400B3316E /* Build configuration list for PBXNativeTarget "VGMPlayer" */ = {
			isa = XCConfigurationList;
			buildConfigurations = (
				20263B071AC4756400B3316E /* Debug */,
				20263B081AC4756400B3316E /* Release */,
			);
			defaultConfigurationIsVisible = 0;
			defaultConfigurationName = Release;
		};
		20263B091AC4756400B3316E /* Build configuration list for PBXNativeTarget "VGMPlayerTests" */ = {
			isa = XCConfigurationList;
			buildConfigurations = (
				20263B0A1AC4756400B3316E /* Debug */,
				20263B0B1AC4756400B3316E /* Release */,
			);
			defaultConfigurationIsVisible = 0;
			defaultConfigurationName = Release;
		};
		2093470C1AC3616600A12995 /* Build configuration list for PBXProject "GameMusicEmu-ObjC" */ = {
			isa = XCConfigurationList;
			buildConfigurations = (
				209347161AC3616600A12995 /* Debug */,
				209347171AC3616600A12995 /* Release */,
			);
			defaultConfigurationIsVisible = 0;
			defaultConfigurationName = Release;
		};
		209347181AC3616600A12995 /* Build configuration list for PBXNativeTarget "GameMusicEmu-ObjC" */ = {
			isa = XCConfigurationList;
			buildConfigurations = (
				209347191AC3616600A12995 /* Debug */,
				2093471A1AC3616600A12995 /* Release */,
			);
			defaultConfigurationIsVisible = 0;
			defaultConfigurationName = Release;
		};
/* End XCConfigurationList section */
	};
	rootObject = 209347091AC3616600A12995 /* Project object */;
}
